// !$*UTF8*$!
{
	archiveVersion = 1;
	classes = {
	};
	objectVersion = 51;
	objects = {

/* Begin PBXBuildFile section */
		34A96573B2272EB3C43D2ACA /* Pods_Firefly.framework in Frameworks */ = {isa = PBXBuildFile; fileRef = 658510CF36434447C7B579E3 /* Pods_Firefly.framework */; };
		403BE32124F3313A00A3AFD4 /* AppDelegate.swift in Sources */ = {isa = PBXBuildFile; fileRef = 403BE32024F3313A00A3AFD4 /* AppDelegate.swift */; };
		403BE32324F3313A00A3AFD4 /* SceneDelegate.swift in Sources */ = {isa = PBXBuildFile; fileRef = 403BE32224F3313A00A3AFD4 /* SceneDelegate.swift */; };
		403BE32524F3313A00A3AFD4 /* ViewController.swift in Sources */ = {isa = PBXBuildFile; fileRef = 403BE32424F3313A00A3AFD4 /* ViewController.swift */; };
		403BE32824F3313A00A3AFD4 /* Main.storyboard in Resources */ = {isa = PBXBuildFile; fileRef = 403BE32624F3313A00A3AFD4 /* Main.storyboard */; };
		403BE32A24F3313C00A3AFD4 /* Assets.xcassets in Resources */ = {isa = PBXBuildFile; fileRef = 403BE32924F3313C00A3AFD4 /* Assets.xcassets */; };
		403BE32D24F3313C00A3AFD4 /* LaunchScreen.storyboard in Resources */ = {isa = PBXBuildFile; fileRef = 403BE32B24F3313C00A3AFD4 /* LaunchScreen.storyboard */; };
		403BE33524F331DD00A3AFD4 /* GoogleService-Info.plist in Resources */ = {isa = PBXBuildFile; fileRef = 403BE33424F331DD00A3AFD4 /* GoogleService-Info.plist */; };
		403BE33724F3501C00A3AFD4 /* LoginViewController.swift in Sources */ = {isa = PBXBuildFile; fileRef = 403BE33624F3501C00A3AFD4 /* LoginViewController.swift */; };
		403BE33924F3502B00A3AFD4 /* HomeViewController.swift in Sources */ = {isa = PBXBuildFile; fileRef = 403BE33824F3502B00A3AFD4 /* HomeViewController.swift */; };
		403BE33C24F3511F00A3AFD4 /* SignUpViewController.swift in Sources */ = {isa = PBXBuildFile; fileRef = 403BE33B24F3511F00A3AFD4 /* SignUpViewController.swift */; };
		403BE34024F356AE00A3AFD4 /* Constants.swift in Sources */ = {isa = PBXBuildFile; fileRef = 403BE33E24F356AE00A3AFD4 /* Constants.swift */; };
		403BE34124F356AE00A3AFD4 /* Utilities.swift in Sources */ = {isa = PBXBuildFile; fileRef = 403BE33F24F356AE00A3AFD4 /* Utilities.swift */; };
		4054783124F8198E00118F5B /* PreviewView.swift in Sources */ = {isa = PBXBuildFile; fileRef = 4054783024F8198E00118F5B /* PreviewView.swift */; };
		4054783324F9F41100118F5B /* kaidClip.mp4 in Resources */ = {isa = PBXBuildFile; fileRef = 4054783224F9F2E200118F5B /* kaidClip.mp4 */; };
		4054783724FA25E100118F5B /* FeedViewController.swift in Sources */ = {isa = PBXBuildFile; fileRef = 4054783624FA25E100118F5B /* FeedViewController.swift */; };
		4054783924FA2EF000118F5B /* LastVideoViewController.swift in Sources */ = {isa = PBXBuildFile; fileRef = 4054783824FA2EF000118F5B /* LastVideoViewController.swift */; };
		4054783B24FA324800118F5B /* InitialVideoViewController.swift in Sources */ = {isa = PBXBuildFile; fileRef = 4054783A24FA324800118F5B /* InitialVideoViewController.swift */; };
		4054783D24FA360100118F5B /* NextVideoViewController.swift in Sources */ = {isa = PBXBuildFile; fileRef = 4054783C24FA360100118F5B /* NextVideoViewController.swift */; };
		407C3EF324F6FC43001E6104 /* PulseAnimation.swift in Sources */ = {isa = PBXBuildFile; fileRef = 407C3EF224F6FC43001E6104 /* PulseAnimation.swift */; };
		40948A1B24F57F7A0062D79E /* DisplayVideo.swift in Sources */ = {isa = PBXBuildFile; fileRef = 40948A1A24F57F7A0062D79E /* DisplayVideo.swift */; };
		40948A1D24F6D11A0062D79E /* CameraViewController.swift in Sources */ = {isa = PBXBuildFile; fileRef = 40948A1C24F6D11A0062D79E /* CameraViewController.swift */; };
		40948A1F24F6D24A0062D79E /* VideoPlayback.swift in Sources */ = {isa = PBXBuildFile; fileRef = 40948A1E24F6D24A0062D79E /* VideoPlayback.swift */; };
		40AB391824F4A3A80011FEAE /* LoginVideo.mp4 in Resources */ = {isa = PBXBuildFile; fileRef = 40AB391724F4A3A80011FEAE /* LoginVideo.mp4 */; };
/* End PBXBuildFile section */

/* Begin PBXFileReference section */
		0C5189C9E3D8D9729A2313A8 /* Pods-FireflyDemo.release.xcconfig */ = {isa = PBXFileReference; includeInIndex = 1; lastKnownFileType = text.xcconfig; name = "Pods-FireflyDemo.release.xcconfig"; path = "Target Support Files/Pods-FireflyDemo/Pods-FireflyDemo.release.xcconfig"; sourceTree = "<group>"; };
		403BE31D24F3313A00A3AFD4 /* Firefly.app */ = {isa = PBXFileReference; explicitFileType = wrapper.application; includeInIndex = 0; path = Firefly.app; sourceTree = BUILT_PRODUCTS_DIR; };
		403BE32024F3313A00A3AFD4 /* AppDelegate.swift */ = {isa = PBXFileReference; lastKnownFileType = sourcecode.swift; path = AppDelegate.swift; sourceTree = "<group>"; };
		403BE32224F3313A00A3AFD4 /* SceneDelegate.swift */ = {isa = PBXFileReference; lastKnownFileType = sourcecode.swift; path = SceneDelegate.swift; sourceTree = "<group>"; };
		403BE32424F3313A00A3AFD4 /* ViewController.swift */ = {isa = PBXFileReference; lastKnownFileType = sourcecode.swift; path = ViewController.swift; sourceTree = "<group>"; };
		403BE32724F3313A00A3AFD4 /* Base */ = {isa = PBXFileReference; lastKnownFileType = file.storyboard; name = Base; path = Base.lproj/Main.storyboard; sourceTree = "<group>"; };
		403BE32924F3313C00A3AFD4 /* Assets.xcassets */ = {isa = PBXFileReference; lastKnownFileType = folder.assetcatalog; path = Assets.xcassets; sourceTree = "<group>"; };
		403BE32C24F3313C00A3AFD4 /* Base */ = {isa = PBXFileReference; lastKnownFileType = file.storyboard; name = Base; path = Base.lproj/LaunchScreen.storyboard; sourceTree = "<group>"; };
		403BE32E24F3313C00A3AFD4 /* Info.plist */ = {isa = PBXFileReference; lastKnownFileType = text.plist.xml; path = Info.plist; sourceTree = "<group>"; };
		403BE33424F331DD00A3AFD4 /* GoogleService-Info.plist */ = {isa = PBXFileReference; fileEncoding = 4; lastKnownFileType = text.plist.xml; path = "GoogleService-Info.plist"; sourceTree = "<group>"; };
		403BE33624F3501C00A3AFD4 /* LoginViewController.swift */ = {isa = PBXFileReference; lastKnownFileType = sourcecode.swift; path = LoginViewController.swift; sourceTree = "<group>"; };
		403BE33824F3502B00A3AFD4 /* HomeViewController.swift */ = {isa = PBXFileReference; lastKnownFileType = sourcecode.swift; path = HomeViewController.swift; sourceTree = "<group>"; };
		403BE33B24F3511F00A3AFD4 /* SignUpViewController.swift */ = {isa = PBXFileReference; lastKnownFileType = sourcecode.swift; path = SignUpViewController.swift; sourceTree = "<group>"; };
		403BE33E24F356AE00A3AFD4 /* Constants.swift */ = {isa = PBXFileReference; fileEncoding = 4; lastKnownFileType = sourcecode.swift; path = Constants.swift; sourceTree = "<group>"; };
		403BE33F24F356AE00A3AFD4 /* Utilities.swift */ = {isa = PBXFileReference; fileEncoding = 4; lastKnownFileType = sourcecode.swift; path = Utilities.swift; sourceTree = "<group>"; };
		4054783024F8198E00118F5B /* PreviewView.swift */ = {isa = PBXFileReference; lastKnownFileType = sourcecode.swift; path = PreviewView.swift; sourceTree = "<group>"; };
		4054783224F9F2E200118F5B /* kaidClip.mp4 */ = {isa = PBXFileReference; lastKnownFileType = file; path = kaidClip.mp4; sourceTree = "<group>"; };
		4054783624FA25E100118F5B /* FeedViewController.swift */ = {isa = PBXFileReference; lastKnownFileType = sourcecode.swift; path = FeedViewController.swift; sourceTree = "<group>"; };
		4054783824FA2EF000118F5B /* LastVideoViewController.swift */ = {isa = PBXFileReference; lastKnownFileType = sourcecode.swift; path = LastVideoViewController.swift; sourceTree = "<group>"; };
		4054783A24FA324800118F5B /* InitialVideoViewController.swift */ = {isa = PBXFileReference; lastKnownFileType = sourcecode.swift; path = InitialVideoViewController.swift; sourceTree = "<group>"; };
		4054783C24FA360100118F5B /* NextVideoViewController.swift */ = {isa = PBXFileReference; lastKnownFileType = sourcecode.swift; path = NextVideoViewController.swift; sourceTree = "<group>"; };
		407C3EF224F6FC43001E6104 /* PulseAnimation.swift */ = {isa = PBXFileReference; lastKnownFileType = sourcecode.swift; path = PulseAnimation.swift; sourceTree = "<group>"; };
		40948A1A24F57F7A0062D79E /* DisplayVideo.swift */ = {isa = PBXFileReference; lastKnownFileType = sourcecode.swift; path = DisplayVideo.swift; sourceTree = "<group>"; };
		40948A1C24F6D11A0062D79E /* CameraViewController.swift */ = {isa = PBXFileReference; lastKnownFileType = sourcecode.swift; path = CameraViewController.swift; sourceTree = "<group>"; };
		40948A1E24F6D24A0062D79E /* VideoPlayback.swift */ = {isa = PBXFileReference; lastKnownFileType = sourcecode.swift; path = VideoPlayback.swift; sourceTree = "<group>"; };
		40AB391724F4A3A80011FEAE /* LoginVideo.mp4 */ = {isa = PBXFileReference; lastKnownFileType = file; path = LoginVideo.mp4; sourceTree = "<group>"; };
		450DED8EB908467A8C674EE4 /* Pods-Firefly.debug.xcconfig */ = {isa = PBXFileReference; includeInIndex = 1; lastKnownFileType = text.xcconfig; name = "Pods-Firefly.debug.xcconfig"; path = "Target Support Files/Pods-Firefly/Pods-Firefly.debug.xcconfig"; sourceTree = "<group>"; };
		658510CF36434447C7B579E3 /* Pods_Firefly.framework */ = {isa = PBXFileReference; explicitFileType = wrapper.framework; includeInIndex = 0; path = Pods_Firefly.framework; sourceTree = BUILT_PRODUCTS_DIR; };
		8A26B0CE3F6002935640E326 /* Pods-Firefly.release.xcconfig */ = {isa = PBXFileReference; includeInIndex = 1; lastKnownFileType = text.xcconfig; name = "Pods-Firefly.release.xcconfig"; path = "Target Support Files/Pods-Firefly/Pods-Firefly.release.xcconfig"; sourceTree = "<group>"; };
		DE329698288248CDFD6DEE5D /* Pods-FireflyDemo.debug.xcconfig */ = {isa = PBXFileReference; includeInIndex = 1; lastKnownFileType = text.xcconfig; name = "Pods-FireflyDemo.debug.xcconfig"; path = "Target Support Files/Pods-FireflyDemo/Pods-FireflyDemo.debug.xcconfig"; sourceTree = "<group>"; };
/* End PBXFileReference section */

/* Begin PBXFrameworksBuildPhase section */
		403BE31A24F3313A00A3AFD4 /* Frameworks */ = {
			isa = PBXFrameworksBuildPhase;
			buildActionMask = 2147483647;
			files = (
				34A96573B2272EB3C43D2ACA /* Pods_Firefly.framework in Frameworks */,
			);
			runOnlyForDeploymentPostprocessing = 0;
		};
/* End PBXFrameworksBuildPhase section */

/* Begin PBXGroup section */
		39EB2B3E40F4959BA4F6257A /* Pods */ = {
			isa = PBXGroup;
			children = (
				DE329698288248CDFD6DEE5D /* Pods-FireflyDemo.debug.xcconfig */,
				0C5189C9E3D8D9729A2313A8 /* Pods-FireflyDemo.release.xcconfig */,
				450DED8EB908467A8C674EE4 /* Pods-Firefly.debug.xcconfig */,
				8A26B0CE3F6002935640E326 /* Pods-Firefly.release.xcconfig */,
			);
			path = Pods;
			sourceTree = "<group>";
		};
		403BE31424F3313A00A3AFD4 = {
			isa = PBXGroup;
			children = (
				403BE33424F331DD00A3AFD4 /* GoogleService-Info.plist */,
				403BE31F24F3313A00A3AFD4 /* Firefly */,
				403BE31E24F3313A00A3AFD4 /* Products */,
				39EB2B3E40F4959BA4F6257A /* Pods */,
				4E46EBB2507A421EAC0CDB22 /* Frameworks */,
			);
			sourceTree = "<group>";
		};
		403BE31E24F3313A00A3AFD4 /* Products */ = {
			isa = PBXGroup;
			children = (
				403BE31D24F3313A00A3AFD4 /* Firefly.app */,
			);
			name = Products;
			sourceTree = "<group>";
		};
		403BE31F24F3313A00A3AFD4 /* Firefly */ = {
			isa = PBXGroup;
			children = (
				40AB391624F4A2D90011FEAE /* Media */,
				403BE33D24F356AE00A3AFD4 /* Helpers */,
				403BE32024F3313A00A3AFD4 /* AppDelegate.swift */,
				403BE32224F3313A00A3AFD4 /* SceneDelegate.swift */,
				403BE33A24F3503000A3AFD4 /* View Controllers */,
				403BE32624F3313A00A3AFD4 /* Main.storyboard */,
				403BE32924F3313C00A3AFD4 /* Assets.xcassets */,
				403BE32B24F3313C00A3AFD4 /* LaunchScreen.storyboard */,
				403BE32E24F3313C00A3AFD4 /* Info.plist */,
			);
			path = Firefly;
			sourceTree = "<group>";
		};
		403BE33A24F3503000A3AFD4 /* View Controllers */ = {
			isa = PBXGroup;
			children = (
				403BE33824F3502B00A3AFD4 /* HomeViewController.swift */,
				403BE32424F3313A00A3AFD4 /* ViewController.swift */,
				403BE33624F3501C00A3AFD4 /* LoginViewController.swift */,
				403BE33B24F3511F00A3AFD4 /* SignUpViewController.swift */,
				40948A1C24F6D11A0062D79E /* CameraViewController.swift */,
				40948A1E24F6D24A0062D79E /* VideoPlayback.swift */,
				4054783624FA25E100118F5B /* FeedViewController.swift */,
				4054783824FA2EF000118F5B /* LastVideoViewController.swift */,
				4054783A24FA324800118F5B /* InitialVideoViewController.swift */,
				4054783C24FA360100118F5B /* NextVideoViewController.swift */,
			);
			path = "View Controllers";
			sourceTree = "<group>";
		};
		403BE33D24F356AE00A3AFD4 /* Helpers */ = {
			isa = PBXGroup;
			children = (
				403BE33E24F356AE00A3AFD4 /* Constants.swift */,
				403BE33F24F356AE00A3AFD4 /* Utilities.swift */,
				40948A1A24F57F7A0062D79E /* DisplayVideo.swift */,
				407C3EF224F6FC43001E6104 /* PulseAnimation.swift */,
				4054783024F8198E00118F5B /* PreviewView.swift */,
			);
			path = Helpers;
			sourceTree = "<group>";
		};
		40AB391624F4A2D90011FEAE /* Media */ = {
			isa = PBXGroup;
			children = (
				4054783224F9F2E200118F5B /* kaidClip.mp4 */,
				40AB391724F4A3A80011FEAE /* LoginVideo.mp4 */,
			);
			path = Media;
			sourceTree = "<group>";
		};
		4E46EBB2507A421EAC0CDB22 /* Frameworks */ = {
			isa = PBXGroup;
			children = (
				658510CF36434447C7B579E3 /* Pods_Firefly.framework */,
			);
			name = Frameworks;
			sourceTree = "<group>";
		};
/* End PBXGroup section */

/* Begin PBXNativeTarget section */
		403BE31C24F3313A00A3AFD4 /* Firefly */ = {
			isa = PBXNativeTarget;
			buildConfigurationList = 403BE33124F3313C00A3AFD4 /* Build configuration list for PBXNativeTarget "Firefly" */;
			buildPhases = (
				B21478385AE7B244118C2336 /* [CP] Check Pods Manifest.lock */,
				403BE31924F3313A00A3AFD4 /* Sources */,
				403BE31A24F3313A00A3AFD4 /* Frameworks */,
				403BE31B24F3313A00A3AFD4 /* Resources */,
				2B4CAF82E61DFDE696B78025 /* [CP] Embed Pods Frameworks */,
				6FE7B516AABF958D2433DEC0 /* [CP] Copy Pods Resources */,
			);
			buildRules = (
			);
			dependencies = (
			);
			name = Firefly;
			productName = FireflyDemo;
			productReference = 403BE31D24F3313A00A3AFD4 /* Firefly.app */;
			productType = "com.apple.product-type.application";
		};
/* End PBXNativeTarget section */

/* Begin PBXProject section */
		403BE31524F3313A00A3AFD4 /* Project object */ = {
			isa = PBXProject;
			attributes = {
				LastSwiftUpdateCheck = 1160;
				LastUpgradeCheck = 1160;
				ORGANIZATIONNAME = "Jeremy ";
				TargetAttributes = {
					403BE31C24F3313A00A3AFD4 = {
						CreatedOnToolsVersion = 11.6;
					};
				};
			};
			buildConfigurationList = 403BE31824F3313A00A3AFD4 /* Build configuration list for PBXProject "Firefly" */;
			compatibilityVersion = "Xcode 9.3";
			developmentRegion = en;
			hasScannedForEncodings = 0;
			knownRegions = (
				en,
				Base,
			);
			mainGroup = 403BE31424F3313A00A3AFD4;
			productRefGroup = 403BE31E24F3313A00A3AFD4 /* Products */;
			projectDirPath = "";
			projectRoot = "";
			targets = (
				403BE31C24F3313A00A3AFD4 /* Firefly */,
			);
		};
/* End PBXProject section */

/* Begin PBXResourcesBuildPhase section */
		403BE31B24F3313A00A3AFD4 /* Resources */ = {
			isa = PBXResourcesBuildPhase;
			buildActionMask = 2147483647;
			files = (
				4054783324F9F41100118F5B /* kaidClip.mp4 in Resources */,
				403BE32D24F3313C00A3AFD4 /* LaunchScreen.storyboard in Resources */,
				403BE33524F331DD00A3AFD4 /* GoogleService-Info.plist in Resources */,
				403BE32A24F3313C00A3AFD4 /* Assets.xcassets in Resources */,
				403BE32824F3313A00A3AFD4 /* Main.storyboard in Resources */,
				40AB391824F4A3A80011FEAE /* LoginVideo.mp4 in Resources */,
			);
			runOnlyForDeploymentPostprocessing = 0;
		};
/* End PBXResourcesBuildPhase section */

/* Begin PBXShellScriptBuildPhase section */
		2B4CAF82E61DFDE696B78025 /* [CP] Embed Pods Frameworks */ = {
			isa = PBXShellScriptBuildPhase;
			buildActionMask = 2147483647;
			files = (
			);
			inputFileListPaths = (
				"${PODS_ROOT}/Target Support Files/Pods-Firefly/Pods-Firefly-frameworks-${CONFIGURATION}-input-files.xcfilelist",
			);
			name = "[CP] Embed Pods Frameworks";
			outputFileListPaths = (
				"${PODS_ROOT}/Target Support Files/Pods-Firefly/Pods-Firefly-frameworks-${CONFIGURATION}-output-files.xcfilelist",
			);
			runOnlyForDeploymentPostprocessing = 0;
			shellPath = /bin/sh;
			shellScript = "\"${PODS_ROOT}/Target Support Files/Pods-Firefly/Pods-Firefly-frameworks.sh\"\n";
			showEnvVarsInLog = 0;
		};
		6FE7B516AABF958D2433DEC0 /* [CP] Copy Pods Resources */ = {
			isa = PBXShellScriptBuildPhase;
			buildActionMask = 2147483647;
			files = (
			);
			inputFileListPaths = (
				"${PODS_ROOT}/Target Support Files/Pods-Firefly/Pods-Firefly-resources-${CONFIGURATION}-input-files.xcfilelist",
			);
			name = "[CP] Copy Pods Resources";
			outputFileListPaths = (
				"${PODS_ROOT}/Target Support Files/Pods-Firefly/Pods-Firefly-resources-${CONFIGURATION}-output-files.xcfilelist",
			);
			runOnlyForDeploymentPostprocessing = 0;
			shellPath = /bin/sh;
			shellScript = "\"${PODS_ROOT}/Target Support Files/Pods-Firefly/Pods-Firefly-resources.sh\"\n";
			showEnvVarsInLog = 0;
		};
		B21478385AE7B244118C2336 /* [CP] Check Pods Manifest.lock */ = {
			isa = PBXShellScriptBuildPhase;
			buildActionMask = 2147483647;
			files = (
			);
			inputFileListPaths = (
			);
			inputPaths = (
				"${PODS_PODFILE_DIR_PATH}/Podfile.lock",
				"${PODS_ROOT}/Manifest.lock",
			);
			name = "[CP] Check Pods Manifest.lock";
			outputFileListPaths = (
			);
			outputPaths = (
				"$(DERIVED_FILE_DIR)/Pods-Firefly-checkManifestLockResult.txt",
			);
			runOnlyForDeploymentPostprocessing = 0;
			shellPath = /bin/sh;
			shellScript = "diff \"${PODS_PODFILE_DIR_PATH}/Podfile.lock\" \"${PODS_ROOT}/Manifest.lock\" > /dev/null\nif [ $? != 0 ] ; then\n    # print error to STDERR\n    echo \"error: The sandbox is not in sync with the Podfile.lock. Run 'pod install' or update your CocoaPods installation.\" >&2\n    exit 1\nfi\n# This output is used by Xcode 'outputs' to avoid re-running this script phase.\necho \"SUCCESS\" > \"${SCRIPT_OUTPUT_FILE_0}\"\n";
			showEnvVarsInLog = 0;
		};
/* End PBXShellScriptBuildPhase section */

/* Begin PBXSourcesBuildPhase section */
		403BE31924F3313A00A3AFD4 /* Sources */ = {
			isa = PBXSourcesBuildPhase;
			buildActionMask = 2147483647;
			files = (
				4054783124F8198E00118F5B /* PreviewView.swift in Sources */,
				4054783D24FA360100118F5B /* NextVideoViewController.swift in Sources */,
				40948A1F24F6D24A0062D79E /* VideoPlayback.swift in Sources */,
				403BE33924F3502B00A3AFD4 /* HomeViewController.swift in Sources */,
				40948A1D24F6D11A0062D79E /* CameraViewController.swift in Sources */,
				403BE33724F3501C00A3AFD4 /* LoginViewController.swift in Sources */,
				407C3EF324F6FC43001E6104 /* PulseAnimation.swift in Sources */,
				4054783B24FA324800118F5B /* InitialVideoViewController.swift in Sources */,
				4054783724FA25E100118F5B /* FeedViewController.swift in Sources */,
				403BE32524F3313A00A3AFD4 /* ViewController.swift in Sources */,
				403BE32124F3313A00A3AFD4 /* AppDelegate.swift in Sources */,
				403BE34024F356AE00A3AFD4 /* Constants.swift in Sources */,
				403BE33C24F3511F00A3AFD4 /* SignUpViewController.swift in Sources */,
				40948A1B24F57F7A0062D79E /* DisplayVideo.swift in Sources */,
				403BE34124F356AE00A3AFD4 /* Utilities.swift in Sources */,
				403BE32324F3313A00A3AFD4 /* SceneDelegate.swift in Sources */,
				4054783924FA2EF000118F5B /* LastVideoViewController.swift in Sources */,
			);
			runOnlyForDeploymentPostprocessing = 0;
		};
/* End PBXSourcesBuildPhase section */

/* Begin PBXVariantGroup section */
		403BE32624F3313A00A3AFD4 /* Main.storyboard */ = {
			isa = PBXVariantGroup;
			children = (
				403BE32724F3313A00A3AFD4 /* Base */,
			);
			name = Main.storyboard;
			sourceTree = "<group>";
		};
		403BE32B24F3313C00A3AFD4 /* LaunchScreen.storyboard */ = {
			isa = PBXVariantGroup;
			children = (
				403BE32C24F3313C00A3AFD4 /* Base */,
			);
			name = LaunchScreen.storyboard;
			sourceTree = "<group>";
		};
/* End PBXVariantGroup section */

/* Begin XCBuildConfiguration section */
		403BE32F24F3313C00A3AFD4 /* Debug */ = {
			isa = XCBuildConfiguration;
			buildSettings = {
				ALWAYS_SEARCH_USER_PATHS = NO;
				CLANG_ANALYZER_NONNULL = YES;
				CLANG_ANALYZER_NUMBER_OBJECT_CONVERSION = YES_AGGRESSIVE;
				CLANG_CXX_LANGUAGE_STANDARD = "gnu++14";
				CLANG_CXX_LIBRARY = "libc++";
				CLANG_ENABLE_MODULES = YES;
				CLANG_ENABLE_OBJC_ARC = YES;
				CLANG_ENABLE_OBJC_WEAK = YES;
				CLANG_WARN_BLOCK_CAPTURE_AUTORELEASING = YES;
				CLANG_WARN_BOOL_CONVERSION = YES;
				CLANG_WARN_COMMA = YES;
				CLANG_WARN_CONSTANT_CONVERSION = YES;
				CLANG_WARN_DEPRECATED_OBJC_IMPLEMENTATIONS = YES;
				CLANG_WARN_DIRECT_OBJC_ISA_USAGE = YES_ERROR;
				CLANG_WARN_DOCUMENTATION_COMMENTS = YES;
				CLANG_WARN_EMPTY_BODY = YES;
				CLANG_WARN_ENUM_CONVERSION = YES;
				CLANG_WARN_INFINITE_RECURSION = YES;
				CLANG_WARN_INT_CONVERSION = YES;
				CLANG_WARN_NON_LITERAL_NULL_CONVERSION = YES;
				CLANG_WARN_OBJC_IMPLICIT_RETAIN_SELF = YES;
				CLANG_WARN_OBJC_LITERAL_CONVERSION = YES;
				CLANG_WARN_OBJC_ROOT_CLASS = YES_ERROR;
				CLANG_WARN_RANGE_LOOP_ANALYSIS = YES;
				CLANG_WARN_STRICT_PROTOTYPES = YES;
				CLANG_WARN_SUSPICIOUS_MOVE = YES;
				CLANG_WARN_UNGUARDED_AVAILABILITY = YES_AGGRESSIVE;
				CLANG_WARN_UNREACHABLE_CODE = YES;
				CLANG_WARN__DUPLICATE_METHOD_MATCH = YES;
				COPY_PHASE_STRIP = NO;
				DEBUG_INFORMATION_FORMAT = dwarf;
				ENABLE_STRICT_OBJC_MSGSEND = YES;
				ENABLE_TESTABILITY = YES;
				GCC_C_LANGUAGE_STANDARD = gnu11;
				GCC_DYNAMIC_NO_PIC = NO;
				GCC_NO_COMMON_BLOCKS = YES;
				GCC_OPTIMIZATION_LEVEL = 0;
				GCC_PREPROCESSOR_DEFINITIONS = (
					"DEBUG=1",
					"$(inherited)",
				);
				GCC_WARN_64_TO_32_BIT_CONVERSION = YES;
				GCC_WARN_ABOUT_RETURN_TYPE = YES_ERROR;
				GCC_WARN_UNDECLARED_SELECTOR = YES;
				GCC_WARN_UNINITIALIZED_AUTOS = YES_AGGRESSIVE;
				GCC_WARN_UNUSED_FUNCTION = YES;
				GCC_WARN_UNUSED_VARIABLE = YES;
				IPHONEOS_DEPLOYMENT_TARGET = 13.6;
				MTL_ENABLE_DEBUG_INFO = INCLUDE_SOURCE;
				MTL_FAST_MATH = YES;
				ONLY_ACTIVE_ARCH = YES;
				SDKROOT = iphoneos;
				SWIFT_ACTIVE_COMPILATION_CONDITIONS = DEBUG;
				SWIFT_OPTIMIZATION_LEVEL = "-Onone";
			};
			name = Debug;
		};
		403BE33024F3313C00A3AFD4 /* Release */ = {
			isa = XCBuildConfiguration;
			buildSettings = {
				ALWAYS_SEARCH_USER_PATHS = NO;
				CLANG_ANALYZER_NONNULL = YES;
				CLANG_ANALYZER_NUMBER_OBJECT_CONVERSION = YES_AGGRESSIVE;
				CLANG_CXX_LANGUAGE_STANDARD = "gnu++14";
				CLANG_CXX_LIBRARY = "libc++";
				CLANG_ENABLE_MODULES = YES;
				CLANG_ENABLE_OBJC_ARC = YES;
				CLANG_ENABLE_OBJC_WEAK = YES;
				CLANG_WARN_BLOCK_CAPTURE_AUTORELEASING = YES;
				CLANG_WARN_BOOL_CONVERSION = YES;
				CLANG_WARN_COMMA = YES;
				CLANG_WARN_CONSTANT_CONVERSION = YES;
				CLANG_WARN_DEPRECATED_OBJC_IMPLEMENTATIONS = YES;
				CLANG_WARN_DIRECT_OBJC_ISA_USAGE = YES_ERROR;
				CLANG_WARN_DOCUMENTATION_COMMENTS = YES;
				CLANG_WARN_EMPTY_BODY = YES;
				CLANG_WARN_ENUM_CONVERSION = YES;
				CLANG_WARN_INFINITE_RECURSION = YES;
				CLANG_WARN_INT_CONVERSION = YES;
				CLANG_WARN_NON_LITERAL_NULL_CONVERSION = YES;
				CLANG_WARN_OBJC_IMPLICIT_RETAIN_SELF = YES;
				CLANG_WARN_OBJC_LITERAL_CONVERSION = YES;
				CLANG_WARN_OBJC_ROOT_CLASS = YES_ERROR;
				CLANG_WARN_RANGE_LOOP_ANALYSIS = YES;
				CLANG_WARN_STRICT_PROTOTYPES = YES;
				CLANG_WARN_SUSPICIOUS_MOVE = YES;
				CLANG_WARN_UNGUARDED_AVAILABILITY = YES_AGGRESSIVE;
				CLANG_WARN_UNREACHABLE_CODE = YES;
				CLANG_WARN__DUPLICATE_METHOD_MATCH = YES;
				COPY_PHASE_STRIP = NO;
				DEBUG_INFORMATION_FORMAT = "dwarf-with-dsym";
				ENABLE_NS_ASSERTIONS = NO;
				ENABLE_STRICT_OBJC_MSGSEND = YES;
				GCC_C_LANGUAGE_STANDARD = gnu11;
				GCC_NO_COMMON_BLOCKS = YES;
				GCC_WARN_64_TO_32_BIT_CONVERSION = YES;
				GCC_WARN_ABOUT_RETURN_TYPE = YES_ERROR;
				GCC_WARN_UNDECLARED_SELECTOR = YES;
				GCC_WARN_UNINITIALIZED_AUTOS = YES_AGGRESSIVE;
				GCC_WARN_UNUSED_FUNCTION = YES;
				GCC_WARN_UNUSED_VARIABLE = YES;
				IPHONEOS_DEPLOYMENT_TARGET = 13.6;
				MTL_ENABLE_DEBUG_INFO = NO;
				MTL_FAST_MATH = YES;
				SDKROOT = iphoneos;
				SWIFT_COMPILATION_MODE = wholemodule;
				SWIFT_OPTIMIZATION_LEVEL = "-O";
				VALIDATE_PRODUCT = YES;
			};
			name = Release;
		};
		403BE33224F3313C00A3AFD4 /* Debug */ = {
			isa = XCBuildConfiguration;
			baseConfigurationReference = 450DED8EB908467A8C674EE4 /* Pods-Firefly.debug.xcconfig */;
			buildSettings = {
				ASSETCATALOG_COMPILER_APPICON_NAME = AppIcon;
				CODE_SIGN_STYLE = Automatic;
				DEVELOPMENT_TEAM = JKK5R8MT4D;
				INFOPLIST_FILE = "$(SRCROOT)/Firefly/Info.plist";
				LD_RUNPATH_SEARCH_PATHS = (
					"$(inherited)",
					"@executable_path/Frameworks",
				);
				PRODUCT_BUNDLE_IDENTIFIER = com.JeremyEuchi.Firefly;
				PRODUCT_NAME = Firefly;
				SWIFT_VERSION = 5.0;
				TARGETED_DEVICE_FAMILY = "1,2";
			};
			name = Debug;
		};
		403BE33324F3313C00A3AFD4 /* Release */ = {
			isa = XCBuildConfiguration;
			baseConfigurationReference = 8A26B0CE3F6002935640E326 /* Pods-Firefly.release.xcconfig */;
			buildSettings = {
				ASSETCATALOG_COMPILER_APPICON_NAME = AppIcon;
				CODE_SIGN_STYLE = Automatic;
				DEVELOPMENT_TEAM = JKK5R8MT4D;
				INFOPLIST_FILE = "$(SRCROOT)/Firefly/Info.plist";
				LD_RUNPATH_SEARCH_PATHS = (
					"$(inherited)",
					"@executable_path/Frameworks",
				);
				PRODUCT_BUNDLE_IDENTIFIER = com.JeremyEuchi.Firefly;
				PRODUCT_NAME = Firefly;
				SWIFT_VERSION = 5.0;
				TARGETED_DEVICE_FAMILY = "1,2";
			};
			name = Release;
		};
/* End XCBuildConfiguration section */

/* Begin XCConfigurationList section */
		403BE31824F3313A00A3AFD4 /* Build configuration list for PBXProject "Firefly" */ = {
			isa = XCConfigurationList;
			buildConfigurations = (
				403BE32F24F3313C00A3AFD4 /* Debug */,
				403BE33024F3313C00A3AFD4 /* Release */,
			);
			defaultConfigurationIsVisible = 0;
			defaultConfigurationName = Release;
		};
		403BE33124F3313C00A3AFD4 /* Build configuration list for PBXNativeTarget "Firefly" */ = {
			isa = XCConfigurationList;
			buildConfigurations = (
				403BE33224F3313C00A3AFD4 /* Debug */,
				403BE33324F3313C00A3AFD4 /* Release */,
			);
			defaultConfigurationIsVisible = 0;
			defaultConfigurationName = Release;
		};
/* End XCConfigurationList section */
	};
	rootObject = 403BE31524F3313A00A3AFD4 /* Project object */;
}
